
Microsoft Visual Studio Solution File, Format Version 12.00
# Visual Studio 2012
VisualStudioVersion = 12.0.30723.0
MinimumVisualStudioVersion = 10.0.40219.1
Project("{FAE04EC0-301F-11D3-BF4B-00C04F79EFBC}") = "HeritageProperties", "HeritageProperties\HeritageProperties\HeritageProperties.csproj", "{E20B2094-139F-4A6D-9B01-147849346C44}"
EndProject
Project("{FAE04EC0-301F-11D3-BF4B-00C04F79EFBC}") = "HeritageProperties.iOS", "HeritageProperties\HeritageProperties.iOS\HeritageProperties.iOS.csproj", "{BB4AB680-9B5E-4ECC-B8B4-8AA4C86C593E}"
EndProject
Project("{FAE04EC0-301F-11D3-BF4B-00C04F79EFBC}") = "HeritageProperties.Android", "HeritageProperties\HeritageProperties.Android\HeritageProperties.Android.csproj", "{B64CACE2-1666-40E4-A041-186730A3D49F}"
EndProject
Project("{FAE04EC0-301F-11D3-BF4B-00C04F79EFBC}") = "HeritageProperties.WinPhone", "HeritageProperties\HeritageProperties.WinPhone\HeritageProperties.WinPhone.csproj", "{CAE2ADB9-21F6-4F94-AE19-E0508D0E3B1B}"
EndProject
Project("{FAE04EC0-301F-11D3-BF4B-00C04F79EFBC}") = "HeritageProperties.UITest", "HeritageProperties\HeritageProperties.UITest\HeritageProperties.UITest.csproj", "{EC9ED789-BB09-4F44-9376-3ED6165265D0}"
EndProject
Global
	GlobalSection(SolutionConfigurationPlatforms) = preSolution
		Ad-Hoc|Any CPU = Ad-Hoc|Any CPU
		Ad-Hoc|ARM = Ad-Hoc|ARM
		Ad-Hoc|iPhone = Ad-Hoc|iPhone
		Ad-Hoc|iPhoneSimulator = Ad-Hoc|iPhoneSimulator
		Ad-Hoc|Mixed Platforms = Ad-Hoc|Mixed Platforms
		Ad-Hoc|x86 = Ad-Hoc|x86
		AppStore|Any CPU = AppStore|Any CPU
		AppStore|ARM = AppStore|ARM
		AppStore|iPhone = AppStore|iPhone
		AppStore|iPhoneSimulator = AppStore|iPhoneSimulator
		AppStore|Mixed Platforms = AppStore|Mixed Platforms
		AppStore|x86 = AppStore|x86
		Debug|Any CPU = Debug|Any CPU
		Debug|ARM = Debug|ARM
		Debug|iPhone = Debug|iPhone
		Debug|iPhoneSimulator = Debug|iPhoneSimulator
		Debug|Mixed Platforms = Debug|Mixed Platforms
		Debug|x86 = Debug|x86
		Release|Any CPU = Release|Any CPU
		Release|ARM = Release|ARM
		Release|iPhone = Release|iPhone
		Release|iPhoneSimulator = Release|iPhoneSimulator
		Release|Mixed Platforms = Release|Mixed Platforms
		Release|x86 = Release|x86
	EndGlobalSection
	GlobalSection(ProjectConfigurationPlatforms) = postSolution
		{B64CACE2-1666-40E4-A041-186730A3D49F}.Ad-Hoc|Any CPU.ActiveCfg = Release|Any CPU
		{B64CACE2-1666-40E4-A041-186730A3D49F}.Ad-Hoc|Any CPU.Build.0 = Release|Any CPU
		{B64CACE2-1666-40E4-A041-186730A3D49F}.Ad-Hoc|Any CPU.Deploy.0 = Release|Any CPU
		{B64CACE2-1666-40E4-A041-186730A3D49F}.Ad-Hoc|ARM.ActiveCfg = Release|Any CPU
		{B64CACE2-1666-40E4-A041-186730A3D49F}.Ad-Hoc|iPhone.ActiveCfg = Release|Any CPU
		{B64CACE2-1666-40E4-A041-186730A3D49F}.Ad-Hoc|iPhoneSimulator.ActiveCfg = Release|Any CPU
		{B64CACE2-1666-40E4-A041-186730A3D49F}.Ad-Hoc|Mixed Platforms.ActiveCfg = Release|Any CPU
		{B64CACE2-1666-40E4-A041-186730A3D49F}.Ad-Hoc|Mixed Platforms.Build.0 = Release|Any CPU
		{B64CACE2-1666-40E4-A041-186730A3D49F}.Ad-Hoc|Mixed Platforms.Deploy.0 = Release|Any CPU
		{B64CACE2-1666-40E4-A041-186730A3D49F}.Ad-Hoc|x86.ActiveCfg = Release|Any CPU
		{B64CACE2-1666-40E4-A041-186730A3D49F}.AppStore|Any CPU.ActiveCfg = Release|Any CPU
		{B64CACE2-1666-40E4-A041-186730A3D49F}.AppStore|Any CPU.Build.0 = Release|Any CPU
		{B64CACE2-1666-40E4-A041-186730A3D49F}.AppStore|Any CPU.Deploy.0 = Release|Any CPU
		{B64CACE2-1666-40E4-A041-186730A3D49F}.AppStore|ARM.ActiveCfg = Release|Any CPU
		{B64CACE2-1666-40E4-A041-186730A3D49F}.AppStore|iPhone.ActiveCfg = Release|Any CPU
		{B64CACE2-1666-40E4-A041-186730A3D49F}.AppStore|iPhoneSimulator.ActiveCfg = Release|Any CPU
		{B64CACE2-1666-40E4-A041-186730A3D49F}.AppStore|Mixed Platforms.ActiveCfg = Release|Any CPU
		{B64CACE2-1666-40E4-A041-186730A3D49F}.AppStore|Mixed Platforms.Build.0 = Release|Any CPU
		{B64CACE2-1666-40E4-A041-186730A3D49F}.AppStore|Mixed Platforms.Deploy.0 = Release|Any CPU
		{B64CACE2-1666-40E4-A041-186730A3D49F}.AppStore|x86.ActiveCfg = Release|Any CPU
		{B64CACE2-1666-40E4-A041-186730A3D49F}.Debug|Any CPU.ActiveCfg = Debug|Any CPU
		{B64CACE2-1666-40E4-A041-186730A3D49F}.Debug|Any CPU.Build.0 = Debug|Any CPU
		{B64CACE2-1666-40E4-A041-186730A3D49F}.Debug|Any CPU.Deploy.0 = Debug|Any CPU
		{B64CACE2-1666-40E4-A041-186730A3D49F}.Debug|ARM.ActiveCfg = Debug|Any CPU
		{B64CACE2-1666-40E4-A041-186730A3D49F}.Debug|iPhone.ActiveCfg = Debug|Any CPU
		{B64CACE2-1666-40E4-A041-186730A3D49F}.Debug|iPhoneSimulator.ActiveCfg = Debug|Any CPU
		{B64CACE2-1666-40E4-A041-186730A3D49F}.Debug|Mixed Platforms.ActiveCfg = Debug|Any CPU
		{B64CACE2-1666-40E4-A041-186730A3D49F}.Debug|Mixed Platforms.Deploy.0 = Debug|Any CPU
		{B64CACE2-1666-40E4-A041-186730A3D49F}.Debug|x86.ActiveCfg = Debug|Any CPU
		{B64CACE2-1666-40E4-A041-186730A3D49F}.Release|Any CPU.ActiveCfg = Release|Any CPU
		{B64CACE2-1666-40E4-A041-186730A3D49F}.Release|Any CPU.Build.0 = Release|Any CPU
		{B64CACE2-1666-40E4-A041-186730A3D49F}.Release|Any CPU.Deploy.0 = Release|Any CPU
		{B64CACE2-1666-40E4-A041-186730A3D49F}.Release|ARM.ActiveCfg = Release|Any CPU
		{B64CACE2-1666-40E4-A041-186730A3D49F}.Release|iPhone.ActiveCfg = Release|Any CPU
		{B64CACE2-1666-40E4-A041-186730A3D49F}.Release|iPhoneSimulator.ActiveCfg = Release|Any CPU
		{B64CACE2-1666-40E4-A041-186730A3D49F}.Release|Mixed Platforms.ActiveCfg = Release|Any CPU
		{B64CACE2-1666-40E4-A041-186730A3D49F}.Release|Mixed Platforms.Build.0 = Release|Any CPU
		{B64CACE2-1666-40E4-A041-186730A3D49F}.Release|Mixed Platforms.Deploy.0 = Release|Any CPU
		{B64CACE2-1666-40E4-A041-186730A3D49F}.Release|x86.ActiveCfg = Release|Any CPU
		{BB4AB680-9B5E-4ECC-B8B4-8AA4C86C593E}.Ad-Hoc|Any CPU.ActiveCfg = Ad-Hoc|iPhone
		{BB4AB680-9B5E-4ECC-B8B4-8AA4C86C593E}.Ad-Hoc|ARM.ActiveCfg = Ad-Hoc|iPhone
		{BB4AB680-9B5E-4ECC-B8B4-8AA4C86C593E}.Ad-Hoc|iPhone.ActiveCfg = Ad-Hoc|iPhone
		{BB4AB680-9B5E-4ECC-B8B4-8AA4C86C593E}.Ad-Hoc|iPhone.Build.0 = Ad-Hoc|iPhone
		{BB4AB680-9B5E-4ECC-B8B4-8AA4C86C593E}.Ad-Hoc|iPhoneSimulator.ActiveCfg = Ad-Hoc|iPhoneSimulator
		{BB4AB680-9B5E-4ECC-B8B4-8AA4C86C593E}.Ad-Hoc|iPhoneSimulator.Build.0 = Ad-Hoc|iPhoneSimulator
		{BB4AB680-9B5E-4ECC-B8B4-8AA4C86C593E}.Ad-Hoc|Mixed Platforms.ActiveCfg = Ad-Hoc|iPhone
		{BB4AB680-9B5E-4ECC-B8B4-8AA4C86C593E}.Ad-Hoc|Mixed Platforms.Build.0 = Ad-Hoc|iPhone
		{BB4AB680-9B5E-4ECC-B8B4-8AA4C86C593E}.Ad-Hoc|x86.ActiveCfg = Ad-Hoc|iPhone
		{BB4AB680-9B5E-4ECC-B8B4-8AA4C86C593E}.AppStore|Any CPU.ActiveCfg = AppStore|iPhone
		{BB4AB680-9B5E-4ECC-B8B4-8AA4C86C593E}.AppStore|ARM.ActiveCfg = AppStore|iPhone
		{BB4AB680-9B5E-4ECC-B8B4-8AA4C86C593E}.AppStore|iPhone.ActiveCfg = AppStore|iPhone
		{BB4AB680-9B5E-4ECC-B8B4-8AA4C86C593E}.AppStore|iPhone.Build.0 = AppStore|iPhone
		{BB4AB680-9B5E-4ECC-B8B4-8AA4C86C593E}.AppStore|iPhoneSimulator.ActiveCfg = AppStore|iPhoneSimulator
		{BB4AB680-9B5E-4ECC-B8B4-8AA4C86C593E}.AppStore|iPhoneSimulator.Build.0 = AppStore|iPhoneSimulator
		{BB4AB680-9B5E-4ECC-B8B4-8AA4C86C593E}.AppStore|Mixed Platforms.ActiveCfg = AppStore|iPhone
		{BB4AB680-9B5E-4ECC-B8B4-8AA4C86C593E}.AppStore|Mixed Platforms.Build.0 = AppStore|iPhone
		{BB4AB680-9B5E-4ECC-B8B4-8AA4C86C593E}.AppStore|x86.ActiveCfg = AppStore|iPhone
		{BB4AB680-9B5E-4ECC-B8B4-8AA4C86C593E}.Debug|Any CPU.ActiveCfg = Debug|iPhone
		{BB4AB680-9B5E-4ECC-B8B4-8AA4C86C593E}.Debug|ARM.ActiveCfg = Debug|iPhone
		{BB4AB680-9B5E-4ECC-B8B4-8AA4C86C593E}.Debug|iPhone.ActiveCfg = Debug|iPhone
		{BB4AB680-9B5E-4ECC-B8B4-8AA4C86C593E}.Debug|iPhone.Build.0 = Debug|iPhone
		{BB4AB680-9B5E-4ECC-B8B4-8AA4C86C593E}.Debug|iPhoneSimulator.ActiveCfg = Debug|iPhoneSimulator
		{BB4AB680-9B5E-4ECC-B8B4-8AA4C86C593E}.Debug|iPhoneSimulator.Build.0 = Debug|iPhoneSimulator
		{BB4AB680-9B5E-4ECC-B8B4-8AA4C86C593E}.Debug|Mixed Platforms.ActiveCfg = Debug|iPhone
		{BB4AB680-9B5E-4ECC-B8B4-8AA4C86C593E}.Debug|Mixed Platforms.Build.0 = Debug|iPhone
		{BB4AB680-9B5E-4ECC-B8B4-8AA4C86C593E}.Debug|x86.ActiveCfg = Debug|iPhone
		{BB4AB680-9B5E-4ECC-B8B4-8AA4C86C593E}.Release|Any CPU.ActiveCfg = Release|iPhone
		{BB4AB680-9B5E-4ECC-B8B4-8AA4C86C593E}.Release|ARM.ActiveCfg = Release|iPhone
		{BB4AB680-9B5E-4ECC-B8B4-8AA4C86C593E}.Release|iPhone.ActiveCfg = Release|iPhone
		{BB4AB680-9B5E-4ECC-B8B4-8AA4C86C593E}.Release|iPhone.Build.0 = Release|iPhone
		{BB4AB680-9B5E-4ECC-B8B4-8AA4C86C593E}.Release|iPhoneSimulator.ActiveCfg = Release|iPhoneSimulator
		{BB4AB680-9B5E-4ECC-B8B4-8AA4C86C593E}.Release|iPhoneSimulator.Build.0 = Release|iPhoneSimulator
		{BB4AB680-9B5E-4ECC-B8B4-8AA4C86C593E}.Release|Mixed Platforms.ActiveCfg = Release|iPhone
		{BB4AB680-9B5E-4ECC-B8B4-8AA4C86C593E}.Release|Mixed Platforms.Build.0 = Release|iPhone
		{BB4AB680-9B5E-4ECC-B8B4-8AA4C86C593E}.Release|x86.ActiveCfg = Release|iPhone
		{CAE2ADB9-21F6-4F94-AE19-E0508D0E3B1B}.Ad-Hoc|Any CPU.ActiveCfg = Release|Any CPU
		{CAE2ADB9-21F6-4F94-AE19-E0508D0E3B1B}.Ad-Hoc|Any CPU.Build.0 = Release|Any CPU
		{CAE2ADB9-21F6-4F94-AE19-E0508D0E3B1B}.Ad-Hoc|Any CPU.Deploy.0 = Release|Any CPU
		{CAE2ADB9-21F6-4F94-AE19-E0508D0E3B1B}.Ad-Hoc|ARM.ActiveCfg = Release|ARM
		{CAE2ADB9-21F6-4F94-AE19-E0508D0E3B1B}.Ad-Hoc|ARM.Build.0 = Release|ARM
		{CAE2ADB9-21F6-4F94-AE19-E0508D0E3B1B}.Ad-Hoc|ARM.Deploy.0 = Release|ARM
		{CAE2ADB9-21F6-4F94-AE19-E0508D0E3B1B}.Ad-Hoc|iPhone.ActiveCfg = Release|Any CPU
		{CAE2ADB9-21F6-4F94-AE19-E0508D0E3B1B}.Ad-Hoc|iPhoneSimulator.ActiveCfg = Release|Any CPU
		{CAE2ADB9-21F6-4F94-AE19-E0508D0E3B1B}.Ad-Hoc|Mixed Platforms.ActiveCfg = Release|x86
		{CAE2ADB9-21F6-4F94-AE19-E0508D0E3B1B}.Ad-Hoc|Mixed Platforms.Build.0 = Release|x86
		{CAE2ADB9-21F6-4F94-AE19-E0508D0E3B1B}.Ad-Hoc|Mixed Platforms.Deploy.0 = Release|x86
		{CAE2ADB9-21F6-4F94-AE19-E0508D0E3B1B}.Ad-Hoc|x86.ActiveCfg = Release|x86
		{CAE2ADB9-21F6-4F94-AE19-E0508D0E3B1B}.Ad-Hoc|x86.Build.0 = Release|x86
		{CAE2ADB9-21F6-4F94-AE19-E0508D0E3B1B}.Ad-Hoc|x86.Deploy.0 = Release|x86
		{CAE2ADB9-21F6-4F94-AE19-E0508D0E3B1B}.AppStore|Any CPU.ActiveCfg = Release|Any CPU
		{CAE2ADB9-21F6-4F94-AE19-E0508D0E3B1B}.AppStore|Any CPU.Build.0 = Release|Any CPU
		{CAE2ADB9-21F6-4F94-AE19-E0508D0E3B1B}.AppStore|Any CPU.Deploy.0 = Release|Any CPU
		{CAE2ADB9-21F6-4F94-AE19-E0508D0E3B1B}.AppStore|ARM.ActiveCfg = Release|ARM
		{CAE2ADB9-21F6-4F94-AE19-E0508D0E3B1B}.AppStore|ARM.Build.0 = Release|ARM
		{CAE2ADB9-21F6-4F94-AE19-E0508D0E3B1B}.AppStore|ARM.Deploy.0 = Release|ARM
		{CAE2ADB9-21F6-4F94-AE19-E0508D0E3B1B}.AppStore|iPhone.ActiveCfg = Release|Any CPU
		{CAE2ADB9-21F6-4F94-AE19-E0508D0E3B1B}.AppStore|iPhoneSimulator.ActiveCfg = Release|Any CPU
		{CAE2ADB9-21F6-4F94-AE19-E0508D0E3B1B}.AppStore|Mixed Platforms.ActiveCfg = Release|x86
		{CAE2ADB9-21F6-4F94-AE19-E0508D0E3B1B}.AppStore|Mixed Platforms.Build.0 = Release|x86
		{CAE2ADB9-21F6-4F94-AE19-E0508D0E3B1B}.AppStore|Mixed Platforms.Deploy.0 = Release|x86
		{CAE2ADB9-21F6-4F94-AE19-E0508D0E3B1B}.AppStore|x86.ActiveCfg = Release|x86
		{CAE2ADB9-21F6-4F94-AE19-E0508D0E3B1B}.AppStore|x86.Build.0 = Release|x86
		{CAE2ADB9-21F6-4F94-AE19-E0508D0E3B1B}.AppStore|x86.Deploy.0 = Release|x86
		{CAE2ADB9-21F6-4F94-AE19-E0508D0E3B1B}.Debug|Any CPU.ActiveCfg = Debug|Any CPU
		{CAE2ADB9-21F6-4F94-AE19-E0508D0E3B1B}.Debug|Any CPU.Build.0 = Debug|Any CPU
		{CAE2ADB9-21F6-4F94-AE19-E0508D0E3B1B}.Debug|Any CPU.Deploy.0 = Debug|Any CPU
		{CAE2ADB9-21F6-4F94-AE19-E0508D0E3B1B}.Debug|ARM.ActiveCfg = Debug|ARM
		{CAE2ADB9-21F6-4F94-AE19-E0508D0E3B1B}.Debug|ARM.Build.0 = Debug|ARM
		{CAE2ADB9-21F6-4F94-AE19-E0508D0E3B1B}.Debug|ARM.Deploy.0 = Debug|ARM
		{CAE2ADB9-21F6-4F94-AE19-E0508D0E3B1B}.Debug|iPhone.ActiveCfg = Debug|Any CPU
		{CAE2ADB9-21F6-4F94-AE19-E0508D0E3B1B}.Debug|iPhoneSimulator.ActiveCfg = Debug|Any CPU
		{CAE2ADB9-21F6-4F94-AE19-E0508D0E3B1B}.Debug|Mixed Platforms.ActiveCfg = Debug|x86
		{CAE2ADB9-21F6-4F94-AE19-E0508D0E3B1B}.Debug|Mixed Platforms.Build.0 = Debug|x86
		{CAE2ADB9-21F6-4F94-AE19-E0508D0E3B1B}.Debug|x86.ActiveCfg = Debug|x86
		{CAE2ADB9-21F6-4F94-AE19-E0508D0E3B1B}.Debug|x86.Build.0 = Debug|x86
		{CAE2ADB9-21F6-4F94-AE19-E0508D0E3B1B}.Debug|x86.Deploy.0 = Debug|x86
		{CAE2ADB9-21F6-4F94-AE19-E0508D0E3B1B}.Release|Any CPU.ActiveCfg = Release|Any CPU
		{CAE2ADB9-21F6-4F94-AE19-E0508D0E3B1B}.Release|Any CPU.Build.0 = Release|Any CPU
		{CAE2ADB9-21F6-4F94-AE19-E0508D0E3B1B}.Release|Any CPU.Deploy.0 = Release|Any CPU
		{CAE2ADB9-21F6-4F94-AE19-E0508D0E3B1B}.Release|ARM.ActiveCfg = Release|ARM
		{CAE2ADB9-21F6-4F94-AE19-E0508D0E3B1B}.Release|ARM.Build.0 = Release|ARM
		{CAE2ADB9-21F6-4F94-AE19-E0508D0E3B1B}.Release|ARM.Deploy.0 = Release|ARM
		{CAE2ADB9-21F6-4F94-AE19-E0508D0E3B1B}.Release|iPhone.ActiveCfg = Release|Any CPU
		{CAE2ADB9-21F6-4F94-AE19-E0508D0E3B1B}.Release|iPhoneSimulator.ActiveCfg = Release|Any CPU
		{CAE2ADB9-21F6-4F94-AE19-E0508D0E3B1B}.Release|Mixed Platforms.ActiveCfg = Release|x86
		{CAE2ADB9-21F6-4F94-AE19-E0508D0E3B1B}.Release|Mixed Platforms.Build.0 = Release|x86
		{CAE2ADB9-21F6-4F94-AE19-E0508D0E3B1B}.Release|Mixed Platforms.Deploy.0 = Release|x86
		{CAE2ADB9-21F6-4F94-AE19-E0508D0E3B1B}.Release|x86.ActiveCfg = Release|x86
		{CAE2ADB9-21F6-4F94-AE19-E0508D0E3B1B}.Release|x86.Build.0 = Release|x86
		{CAE2ADB9-21F6-4F94-AE19-E0508D0E3B1B}.Release|x86.Deploy.0 = Release|x86
		{E20B2094-139F-4A6D-9B01-147849346C44}.Ad-Hoc|Any CPU.ActiveCfg = Release|Any CPU
		{E20B2094-139F-4A6D-9B01-147849346C44}.Ad-Hoc|Any CPU.Build.0 = Release|Any CPU
		{E20B2094-139F-4A6D-9B01-147849346C44}.Ad-Hoc|ARM.ActiveCfg = Release|Any CPU
		{E20B2094-139F-4A6D-9B01-147849346C44}.Ad-Hoc|iPhone.ActiveCfg = Release|Any CPU
		{E20B2094-139F-4A6D-9B01-147849346C44}.Ad-Hoc|iPhoneSimulator.ActiveCfg = Release|Any CPU
		{E20B2094-139F-4A6D-9B01-147849346C44}.Ad-Hoc|Mixed Platforms.ActiveCfg = Release|Any CPU
		{E20B2094-139F-4A6D-9B01-147849346C44}.Ad-Hoc|Mixed Platforms.Build.0 = Release|Any CPU
		{E20B2094-139F-4A6D-9B01-147849346C44}.Ad-Hoc|x86.ActiveCfg = Release|Any CPU
		{E20B2094-139F-4A6D-9B01-147849346C44}.AppStore|Any CPU.ActiveCfg = Release|Any CPU
		{E20B2094-139F-4A6D-9B01-147849346C44}.AppStore|Any CPU.Build.0 = Release|Any CPU
		{E20B2094-139F-4A6D-9B01-147849346C44}.AppStore|ARM.ActiveCfg = Release|Any CPU
		{E20B2094-139F-4A6D-9B01-147849346C44}.AppStore|iPhone.ActiveCfg = Release|Any CPU
		{E20B2094-139F-4A6D-9B01-147849346C44}.AppStore|iPhoneSimulator.ActiveCfg = Release|Any CPU
		{E20B2094-139F-4A6D-9B01-147849346C44}.AppStore|Mixed Platforms.ActiveCfg = Release|Any CPU
		{E20B2094-139F-4A6D-9B01-147849346C44}.AppStore|Mixed Platforms.Build.0 = Release|Any CPU
		{E20B2094-139F-4A6D-9B01-147849346C44}.AppStore|x86.ActiveCfg = Release|Any CPU
		{E20B2094-139F-4A6D-9B01-147849346C44}.Debug|Any CPU.ActiveCfg = Debug|Any CPU
		{E20B2094-139F-4A6D-9B01-147849346C44}.Debug|Any CPU.Build.0 = Debug|Any CPU
		{E20B2094-139F-4A6D-9B01-147849346C44}.Debug|ARM.ActiveCfg = Debug|Any CPU
		{E20B2094-139F-4A6D-9B01-147849346C44}.Debug|iPhone.ActiveCfg = Debug|Any CPU
		{E20B2094-139F-4A6D-9B01-147849346C44}.Debug|iPhone.Build.0 = Debug|Any CPU
		{E20B2094-139F-4A6D-9B01-147849346C44}.Debug|iPhoneSimulator.ActiveCfg = Debug|Any CPU
		{E20B2094-139F-4A6D-9B01-147849346C44}.Debug|iPhoneSimulator.Build.0 = Debug|Any CPU
		{E20B2094-139F-4A6D-9B01-147849346C44}.Debug|Mixed Platforms.ActiveCfg = Debug|Any CPU
		{E20B2094-139F-4A6D-9B01-147849346C44}.Debug|Mixed Platforms.Build.0 = Debug|Any CPU
		{E20B2094-139F-4A6D-9B01-147849346C44}.Debug|x86.ActiveCfg = Debug|Any CPU
		{E20B2094-139F-4A6D-9B01-147849346C44}.Release|Any CPU.ActiveCfg = Release|Any CPU
		{E20B2094-139F-4A6D-9B01-147849346C44}.Release|Any CPU.Build.0 = Release|Any CPU
		{E20B2094-139F-4A6D-9B01-147849346C44}.Release|ARM.ActiveCfg = Release|Any CPU
		{E20B2094-139F-4A6D-9B01-147849346C44}.Release|iPhone.ActiveCfg = Release|Any CPU
		{E20B2094-139F-4A6D-9B01-147849346C44}.Release|iPhoneSimulator.ActiveCfg = Release|Any CPU
		{E20B2094-139F-4A6D-9B01-147849346C44}.Release|Mixed Platforms.ActiveCfg = Release|Any CPU
		{E20B2094-139F-4A6D-9B01-147849346C44}.Release|Mixed Platforms.Build.0 = Release|Any CPU
		{E20B2094-139F-4A6D-9B01-147849346C44}.Release|x86.ActiveCfg = Release|Any CPU
		{EC9ED789-BB09-4F44-9376-3ED6165265D0}.Ad-Hoc|Any CPU.ActiveCfg = Release|Any CPU
		{EC9ED789-BB09-4F44-9376-3ED6165265D0}.Ad-Hoc|Any CPU.Build.0 = Release|Any CPU
		{EC9ED789-BB09-4F44-9376-3ED6165265D0}.Ad-Hoc|ARM.ActiveCfg = Release|Any CPU
		{EC9ED789-BB09-4F44-9376-3ED6165265D0}.Ad-Hoc|iPhone.ActiveCfg = Release|Any CPU
		{EC9ED789-BB09-4F44-9376-3ED6165265D0}.Ad-Hoc|iPhoneSimulator.ActiveCfg = Release|Any CPU
		{EC9ED789-BB09-4F44-9376-3ED6165265D0}.Ad-Hoc|Mixed Platforms.ActiveCfg = Release|Any CPU
		{EC9ED789-BB09-4F44-9376-3ED6165265D0}.Ad-Hoc|Mixed Platforms.Build.0 = Release|Any CPU
		{EC9ED789-BB09-4F44-9376-3ED6165265D0}.Ad-Hoc|x86.ActiveCfg = Release|Any CPU
		{EC9ED789-BB09-4F44-9376-3ED6165265D0}.AppStore|Any CPU.ActiveCfg = Release|Any CPU
		{EC9ED789-BB09-4F44-9376-3ED6165265D0}.AppStore|Any CPU.Build.0 = Release|Any CPU
		{EC9ED789-BB09-4F44-9376-3ED6165265D0}.AppStore|ARM.ActiveCfg = Release|Any CPU
		{EC9ED789-BB09-4F44-9376-3ED6165265D0}.AppStore|iPhone.ActiveCfg = Release|Any CPU
		{EC9ED789-BB09-4F44-9376-3ED6165265D0}.AppStore|iPhoneSimulator.ActiveCfg = Release|Any CPU
		{EC9ED789-BB09-4F44-9376-3ED6165265D0}.AppStore|Mixed Platforms.ActiveCfg = Release|Any CPU
		{EC9ED789-BB09-4F44-9376-3ED6165265D0}.AppStore|Mixed Platforms.Build.0 = Release|Any CPU
		{EC9ED789-BB09-4F44-9376-3ED6165265D0}.AppStore|x86.ActiveCfg = Release|Any CPU
		{EC9ED789-BB09-4F44-9376-3ED6165265D0}.Debug|Any CPU.ActiveCfg = Debug|Any CPU
		{EC9ED789-BB09-4F44-9376-3ED6165265D0}.Debug|Any CPU.Build.0 = Debug|Any CPU
		{EC9ED789-BB09-4F44-9376-3ED6165265D0}.Debug|ARM.ActiveCfg = Debug|Any CPU
		{EC9ED789-BB09-4F44-9376-3ED6165265D0}.Debug|iPhone.ActiveCfg = Debug|Any CPU
		{EC9ED789-BB09-4F44-9376-3ED6165265D0}.Debug|iPhoneSimulator.ActiveCfg = Debug|Any CPU
		{EC9ED789-BB09-4F44-9376-3ED6165265D0}.Debug|Mixed Platforms.ActiveCfg = Debug|Any CPU
		{EC9ED789-BB09-4F44-9376-3ED6165265D0}.Debug|Mixed Platforms.Build.0 = Debug|Any CPU
		{EC9ED789-BB09-4F44-9376-3ED6165265D0}.Debug|x86.ActiveCfg = Debug|Any CPU
		{EC9ED789-BB09-4F44-9376-3ED6165265D0}.Release|Any CPU.ActiveCfg = Release|Any CPU
		{EC9ED789-BB09-4F44-9376-3ED6165265D0}.Release|Any CPU.Build.0 = Release|Any CPU
		{EC9ED789-BB09-4F44-9376-3ED6165265D0}.Release|ARM.ActiveCfg = Release|Any CPU
		{EC9ED789-BB09-4F44-9376-3ED6165265D0}.Release|iPhone.ActiveCfg = Release|Any CPU
		{EC9ED789-BB09-4F44-9376-3ED6165265D0}.Release|iPhoneSimulator.ActiveCfg = Release|Any CPU
		{EC9ED789-BB09-4F44-9376-3ED6165265D0}.Release|Mixed Platforms.ActiveCfg = Release|Any CPU
		{EC9ED789-BB09-4F44-9376-3ED6165265D0}.Release|Mixed Platforms.Build.0 = Release|Any CPU
		{EC9ED789-BB09-4F44-9376-3ED6165265D0}.Release|x86.ActiveCfg = Release|Any CPU
	EndGlobalSection
	GlobalSection(MonoDevelopProperties) = preSolution
		StartupItem = HeritageProperties\HeritageProperties.UITest\HeritageProperties.UITest.csproj
	EndGlobalSection
	GlobalSection(SolutionProperties) = preSolution
		HideSolutionNode = FALSE
	EndGlobalSection
EndGlobal
